github.com/aws/aws-sdk-go-v2 v1.11.2/go.mod h1:SQfA+m2ltnu1cA0soUkj4dRSsmITiVQUJvBIZjzfPyQ=
github.com/aws/aws-sdk-go-v2 v1.38.0 h1:UCRQ5mlqcFk9HJDIqENSLR3wiG1VTWlyUfLDEvY7RxU=
github.com/aws/aws-sdk-go-v2 v1.38.0/go.mod h1:9Q0OoGQoboYIAJyslFyF1f5K1Ryddop8gqMhWx/n4Wg=
github.com/aws/aws-sdk-go-v2 v1.41.0 h1:tNvqh1s+v0vFYdA1xq0aOJH+Y5cRyZ5upu6roPgPKd4=
github.com/aws/aws-sdk-go-v2 v1.41.0/go.mod h1:MayyLB8y+buD9hZqkCW3kX1AKq07Y5pXxtgB+rRFhz0=
github.com/aws/aws-sdk-go-v2/config v1.11.0 h1:Czlld5zBB61A3/aoegA9/buZulwL9mHHfizh/Oq+Kqs=
github.com/aws/aws-sdk-go-v2/config v1.11.0/go.mod h1:VrQDJGFBM5yZe+IOeenNZ/DWoErdny+k2MHEIpwDsEY=
github.com/aws/aws-sdk-go-v2/credentials v1.6.4 h1:2hvbUoHufns0lDIsaK8FVCMukT1WngtZPavN+W2FkSw=
github.com/aws/aws-sdk-go-v2/credentials v1.6.4/go.mod h1:tTrhvBPHyPde4pdIPSba4Nv7RYr4wP9jxXEDa1bKn/8=
github.com/aws/aws-sdk-go-v2/feature/dynamodb/attributevalue v1.20.3 h1:RrxJ6g7+jG1lY2nhn7GlRiW4vITuYlfwh/PrW5d84S0=
github.com/aws/aws-sdk-go-v2/feature/dynamodb/attributevalue v1.20.3/go.mod h1:e4y84j44vA9IFksSDDuAtNj9t3W20iJlsbXhbo/JU10=
github.com/aws/aws-sdk-go-v2/feature/dynamodb/attributevalue v1.20.29 h1:dQFhl5Bnl/SK1EVpgElK5dckAE+lMHXnl5WCeRvNEG0=
github.com/aws/aws-sdk-go-v2/feature/dynamodb/attributevalue v1.20.29/go.mod h1:BtBP1TCx5BTCh1uTVXpo3b/odnRECBpZdL5oHQarJJs=
github.com/aws/aws-sdk-go-v2/feature/ec2/imds v1.8.2 h1:KiN5TPOLrEjbGCvdTQR4t0U4T87vVwALZ5Bg3jpMqPY=
github.com/aws/aws-sdk-go-v2/feature/ec2/imds v1.8.2/go.mod h1:dF2F6tXEOgmW5X1ZFO/EPtWrcm7XkW07KNcJUGNtt4s=
github.com/aws/aws-sdk-go-v2/internal/configsources v1.1.2/go.mod h1:SgKKNBIoDC/E1ZCDhhMW3yalWjwuLjMcpLzsM/QQnWo=
github.com/aws/aws-sdk-go-v2/internal/configsources v1.4.3 h1:o9RnO+YZ4X+kt5Z7Nvcishlz0nksIt2PIzDglLMP0vA=
github.com/aws/aws-sdk-go-v2/internal/configsources v1.4.3/go.mod h1:+6aLJzOG1fvMOyzIySYjOFjcguGvVRL68R+uoRencN4=
github.com/aws/aws-sdk-go-v2/internal/configsources v1.4.16 h1:rgGwPzb82iBYSvHMHXc8h9mRoOUBZIGFgKb9qniaZZc=
github.com/aws/aws-sdk-go-v2/internal/configsources v1.4.16/go.mod h1:L/UxsGeKpGoIj6DxfhOWHWQ/kGKcd4I1VncE4++IyKA=
github.com/aws/aws-sdk-go-v2/internal/endpoints/v2 v2.0.2/go.mod h1:xT4XX6w5Sa3dhg50JrYyy3e4WPYo/+WjY/BXtqXVunU=
github.com/aws/aws-sdk-go-v2/internal/endpoints/v2 v2.7.3 h1:joyyUFhiTQQmVK6ImzNU9TQSNRNeD9kOklqTzyk5v6s=
github.com/aws/aws-sdk-go-v2/internal/endpoints/v2 v2.7.3/go.mod h1:+vNIyZQP3b3B1tSLI0lxvrU9cfM7gpdRXMFfm67ZcPc=
github.com/aws/aws-sdk-go-v2/internal/endpoints/v2 v2.7.16 h1:1jtGzuV7c82xnqOVfx2F0xmJcOw5374L7N6juGW6x6U=
github.com/aws/aws-sdk-go-v2/internal/endpoints/v2 v2.7.16/go.mod h1:M2E5OQf+XLe+SZGmmpaI2yy+J326aFf6/+54PoxSANc=
github.com/aws/aws-sdk-go-v2/internal/ini v1.3.2 h1:IQup8Q6lorXeiA/rK72PeToWoWK8h7VAPgHNWdSrtgE=
github.com/aws/aws-sdk-go-v2/internal/ini v1.3.2/go.mod h1:VITe/MdW6EMXPb0o0txu/fsonXbMHUU2OC2Qp7ivU4o=
github.com/aws/aws-sdk-go-v2/service/dynamodb v1.47.0 h1:A5zeikrrAgz3YtNzhMat4K8hK/CFzOjFKLVk8pI7Cz8=
github.com/aws/aws-sdk-go-v2/service/dynamodb v1.47.0/go.mod h1:tMQ/Edfn5xLcBFSVd3JDreJPias8GqBq0dVbCbMz9vs=
github.com/aws/aws-sdk-go-v2/service/dynamodb v1.53.5 h1:mSBrQCXMjEvLHsYyJVbN8QQlcITXwHEuu+8mX9e2bSo=
github.com/aws/aws-sdk-go-v2/service/dynamodb v1.53.5/go.mod h1:eEuD0vTf9mIzsSjGBFWIaNQwtH5/mzViJOVQfnMY5DE=
github.com/aws/aws-sdk-go-v2/service/dynamodbstreams v1.29.0 h1:SNys2IbAlovw/c/7Q+f0GXlSMnY/vML5Ex9LStTF0Zc=
github.com/aws/aws-sdk-go-v2/service/dynamodbstreams v1.29.0/go.mod h1:GoaIvEhueZB2eDyU7wV8m9K6Wez1e3Pt4f0JrAyIr08=
github.com/aws/aws-sdk-go-v2/service/dynamodbstreams v1.32.9 h1:mB79k/ZTxQL4oDPxLAf2rhcUEvXlHkj3loGA2O9xREk=
github.com/aws/aws-sdk-go-v2/service/dynamodbstreams v1.32.9/go.mod h1:wXQmLDkBNh60jxAaRldON9poacv+GiSIBw/kRuT/mtE=
github.com/aws/aws-sdk-go-v2/service/internal/accept-encoding v1.13.0 h1:6+lZi2JeGKtCraAj1rpoZfKqnQ9SptseRZioejfUOLM=
github.com/aws/aws-sdk-go-v2/service/internal/accept-encoding v1.13.0/go.mod h1:eb3gfbVIxIoGgJsi9pGne19dhCBpK6opTYpQqAmdy44=
github.com/aws/aws-sdk-go-v2/service/internal/accept-encoding v1.13.4 h1:0ryTNEdJbzUCEWkVXEXoqlXV72J5keC1GvILMOuD00E=
github.com/aws/aws-sdk-go-v2/service/internal/accept-encoding v1.13.4/go.mod h1:HQ4qwNZh32C3CBeO6iJLQlgtMzqeG17ziAA/3KDJFow=
github.com/aws/aws-sdk-go-v2/service/internal/endpoint-discovery v1.11.3 h1:xMmJPUT0G1q9+I0mzH4B6oN9fB5PkDoD+jvpVIcom1I=
github.com/aws/aws-sdk-go-v2/service/internal/endpoint-discovery v1.11.3/go.mod h1:U0JFMTY/gPxV07XTXXz152nX0Hg1eBenzyslKF2j4j4=
github.com/aws/aws-sdk-go-v2/service/internal/endpoint-discovery v1.11.16 h1:8g4OLy3zfNzLV20wXmZgx+QumI9WhWHnd4GCdvETxs4=
github.com/aws/aws-sdk-go-v2/service/internal/endpoint-discovery v1.11.16/go.mod h1:5a78jwLMs7BaesU0UIhLfVy2ZmOEgOy6ewYQXKTD37Q=
github.com/aws/aws-sdk-go-v2/service/internal/presigned-url v1.5.2 h1:CKdUNKmuilw/KNmO2Q53Av8u+ZyXMC2M9aX8Z+c/gzg=
github.com/aws/aws-sdk-go-v2/service/internal/presigned-url v1.5.2/go.mod h1:FgR1tCsn8C6+Hf+N5qkfrE4IXvUL1RgW87sunJ+5J4I=
github.com/aws/aws-sdk-go-v2/service/sso v1.6.2 h1:2IDmvSb86KT44lSg1uU4ONpzgWLOuApRl6Tg54mZ6Dk=
github.com/aws/aws-sdk-go-v2/service/sso v1.6.2/go.mod h1:KnIpszaIdwI33tmc/W/GGXyn22c1USYxA/2KyvoeDY0=
github.com/aws/aws-sdk-go-v2/service/sts v1.11.1 h1:QKR7wy5e650q70PFKMfGF9sTo0rZgUevSSJ4wxmyWXk=
github.com/aws/aws-sdk-go-v2/service/sts v1.11.1/go.mod h1:UV2N5HaPfdbDpkgkz4sRzWCvQswZjdO1FfqCWl0t7RA=
github.com/aws/smithy-go v1.9.0/go.mod h1:SObp3lf9smib00L/v3U2eAKG8FyQ7iLrJnQiAmR5n+E=
github.com/aws/smithy-go v1.22.5 h1:P9ATCXPMb2mPjYBgueqJNCA5S9UfktsW0tTxi+a7eqw=
github.com/aws/smithy-go v1.22.5/go.mod h1:t1ufH5HMublsJYulve2RKmHDC15xu1f26kHCp/HgceI=
github.com/aws/smithy-go v1.24.0 h1:LpilSUItNPFr1eY85RYgTIg5eIEPtvFbskaFcmmIUnk=
github.com/aws/smithy-go v1.24.0/go.mod h1:LEj2LM3rBRQJxPZTB4KuzZkaZYnZPnvgIhb4pu07mx0=
github.com/cenkalti/backoff/v4 v4.3.0 h1:MyRJ/UdXutAwSAT+s3wNd7MfTIcy71VQueUuFK343L8=
github.com/cenkalti/backoff/v4 v4.3.0/go.mod h1:Y3VNntkOUPxTVeUxJ/G5vcM//AlwfmyYozVcomhLiZE=
github.com/davecgh/go-spew v1.1.0/go.mod h1:J7Y8YcW2NihsgmVo/mv3lAwl/skON4iLHjSsI+c5H38=
github.com/google/go-cmp v0.5.4/go.mod h1:v8dTdLbMG2kIc/vJvl+f65V22dbkXbowE6jgT/gNBxE=
github.com/google/go-cmp v0.5.6 h1:BKbKCqvP6I+rmFHt06ZmyQtvB8xAkWdhFyr0ZUNZcxQ=
github.com/google/go-cmp v0.5.6/go.mod h1:v8dTdLbMG2kIc/vJvl+f65V22dbkXbowE6jgT/gNBxE=
github.com/jmespath/go-jmespath v0.4.0/go.mod h1:T8mJZnbsbmF+m6zOOFylbeCJqk5+pHWvzYPziyZiYoo=
github.com/jmespath/go-jmespath/internal/testify v1.5.1/go.mod h1:L3OGu8Wl2/fWfCI6z80xFu9LTZmf1ZRjMHUOPmWr69U=
github.com/pmezard/go-difflib v1.0.0/go.mod h1:iKH77koFhYxTK1pcRnkKkqfTogsbg7gZNVY4sRDYZ/4=
github.com/stretchr/objx v0.1.0/go.mod h1:HFkY916IF+rwdDfMAkV7OtwuqBVzrE8GR6GFx+wExME=
golang.org/x/sync v0.16.0 h1:ycBJEhp9p4vXvUZNszeOq0kGTPghopOL8q0fq3vstxw=
golang.org/x/sync v0.16.0/go.mod h1:1dzgHSNfp02xaA81J2MS99Qcpr2w7fw1gpm99rleRqA=
golang.org/x/sync v0.19.0 h1:vV+1eWNmZ5geRlYjzm2adRgW2/mcpevXNg50YZtPCE4=
golang.org/x/sync v0.19.0/go.mod h1:9KTHXmSnoGruLpwFjVSX0lNNA75CykiMECbovNTZqGI=
golang.org/x/xerrors v0.0.0-20191204190536-9bdfabe68543/go.mod h1:I/5z698sn9Ka8TeJc9MKroUUfqBBauWjQqLJ2OPfmY0=
gopkg.in/check.v1 v0.0.0-20161208181325-20d25e280405/go.mod h1:Co6ibVJAznAaIkqp8huTwlJQCZ016jof/cbN4VW5Yz0=
gopkg.in/yaml.v2 v2.2.8/go.mod h1:hI93XBmqTisBFMUTm0b8Fm+jr3Dg1NNxqwp+5A1VGuI=
